
Microsoft Visual Studio Solution File, Format Version 12.00
# Visual Studio Version 16
VisualStudioVersion = 16.0.32002.261
MinimumVisualStudioVersion = 10.0.40219.1
Project("{FAE04EC0-301F-11D3-BF4B-00C04F79EFBC}") = "WebApi", "CinemaTickets\WebApi.csproj", "{5476913A-7C07-4392-A868-1EB53693BE1C}"
EndProject
Global
	GlobalSection(SolutionConfigurationPlatforms) = preSolution
		Debug|Any CPU = Debug|Any CPU
		Release|Any CPU = Release|Any CPU
	EndGlobalSection
	GlobalSection(ProjectConfigurationPlatforms) = postSolution
		{5476913A-7C07-4392-A868-1EB53693BE1C}.Debug|Any CPU.ActiveCfg = Debug|Any CPU
		{5476913A-7C07-4392-A868-1EB53693BE1C}.Debug|Any CPU.Build.0 = Debug|Any CPU
		{5476913A-7C07-4392-A868-1EB53693BE1C}.Release|Any CPU.ActiveCfg = Release|Any CPU
		{5476913A-7C07-4392-A868-1EB53693BE1C}.Release|Any CPU.Build.0 = Release|Any CPU
	EndGlobalSection
	GlobalSection(SolutionProperties) = preSolution
		HideSolutionNode = FALSE
	EndGlobalSection
	GlobalSection(ExtensibilityGlobals) = postSolution
		SolutionGuid = {877EBB98-A088-41FE-8811-6AFA38FB8658}
	EndGlobalSection
EndGlobal
